Microsoft Visual Studio Solution File, Format Version 12.00
# Visual Studio Version 17
VisualStudioVersion = 17.5.2.0
MinimumVisualStudioVersion = 10.0.40219.1
Project("{FAE04EC0-301F-11D3-BF4B-00C04F79EFBC}") = "MewUIPixelAnimation", "MewUIPixelAnimation.csproj", "{21CB8BA5-2333-9CF3-424A-F725A593E51F}"
EndProject
Global
	GlobalSection(SolutionConfigurationPlatforms) = preSolution
		Debug|Any CPU = Debug|Any CPU
		Release|Any CPU = Release|Any CPU
	EndGlobalSection
	GlobalSection(ProjectConfigurationPlatforms) = postSolution
		{21CB8BA5-2333-9CF3-424A-F725A593E51F}.Debug|Any CPU.ActiveCfg = Debug|Any CPU
		{21CB8BA5-2333-9CF3-424A-F725A593E51F}.Debug|Any CPU.Build.0 = Debug|Any CPU
		{21CB8BA5-2333-9CF3-424A-F725A593E51F}.Release|Any CPU.ActiveCfg = Release|Any CPU
		{21CB8BA5-2333-9CF3-424A-F725A593E51F}.Release|Any CPU.Build.0 = Release|Any CPU
	EndGlobalSection
	GlobalSection(SolutionProperties) = preSolution
		HideSolutionNode = FALSE
	EndGlobalSection
	GlobalSection(ExtensibilityGlobals) = postSolution
		SolutionGuid = {4F04EA12-2378-4555-838B-71128D7D3A71}
	EndGlobalSection
EndGlobal
